{
  "requires": true,
  "lockfileVersion": 1,
  "dependencies": {
    "zora": {
      "version": "4.0.0",
      "resolved": "https://registry.npmjs.org/zora/-/zora-4.0.0.tgz",
      "integrity": "sha512-ZmINt/1QY3p0+3FnvTTEKV+QWdC/srp2bHoTNzHy2/ij/BjVHBu2TkWMMBu3mEuxl6uLSb4eL7rJ7h/pX3kFPQ==",
      "dev": true
    }
  }
}
